<?xml version="1.0" encoding="utf-8"?>
<Project ToolsVersion="4.0" xmlns="http://schemas.microsoft.com/developer/msbuild/2003">
  <ItemGroup>
    <Filter Include="Engine">
      <UniqueIdentifier>{025383c3-7dac-4e68-92af-5d48cd986ad2}</UniqueIdentifier>
    </Filter>
    <Filter Include="Interfaces">
      <UniqueIdentifier>{cab504de-8678-4779-b59e-357767b0db55}</UniqueIdentifier>
    </Filter>
    <Filter Include="Player">
      <UniqueIdentifier>{2f451d9b-7938-4553-8d64-ef8442bc85aa}</UniqueIdentifier>
    </Filter>
  </ItemGroup>
  <ItemGroup>
    <ClCompile Include="..\..\Source\Player\Link.cpp">
      <Filter>Player</Filter>
    </ClCompile>
    <ClCompile Include="..\..\Source\Engine\Camera.cpp">
      <Filter>Engine</Filter>
    </ClCompile>
    <ClCompile Include="..\..\Source\Engine\Engine.cpp">
      <Filter>Engine</Filter>
    </ClCompile>
    <ClCompile Include="..\..\Source\Engine\RoomManager.cpp">
      <Filter>Engine</Filter>
    </ClCompile>
    <ClCompile Include="..\..\Source\Engine\Resource.cpp">
      <Filter>Engine</Filter>
    </ClCompile>
    <ClCompile Include="..\..\Source\Player\Worldmap.cpp">
      <Filter>Player</Filter>
    </ClCompile>
    <ClCompile Include="..\..\Source\Engine\Tilemap.cpp">
      <Filter>Engine</Filter>
    </ClCompile>
    <ClCompile Include="..\..\Source\Player\Inventory.cpp">
      <Filter>Player</Filter>
    </ClCompile>
    <ClCompile Include="..\..\Source\Engine\Sprite.cpp">
      <Filter>Engine</Filter>
    </ClCompile>
    <ClCompile Include="..\..\Source\Engine\Keyboard.cpp">
      <Filter>Engine</Filter>
    </ClCompile>
    <ClCompile Include="..\..\Source\Engine\Window.cpp">
      <Filter>Engine</Filter>
    </ClCompile>
    <ClCompile Include="..\..\Source\Engine\Main.cpp">
      <Filter>Engine</Filter>
    </ClCompile>
    <ClCompile Include="..\..\Source\Engine\Renderer.cpp">
      <Filter>Engine</Filter>
    </ClCompile>
    <ClCompile Include="..\..\Source\Engine\ResourceManager.cpp">
      <Filter>Engine</Filter>
    </ClCompile>
    <ClCompile Include="..\..\Source\Engine\TilemapManager.cpp">
      <Filter>Engine</Filter>
    </ClCompile>
    <ClCompile Include="..\..\Source\Engine\DataManager.cpp">
      <Filter>Engine</Filter>
    </ClCompile>
    <ClCompile Include="..\..\Source\Engine\RoomLinkManager.cpp">
      <Filter>Engine</Filter>
    </ClCompile>
    <ClCompile Include="..\..\Source\Player\WorldmapImpl.cpp">
      <Filter>Player</Filter>
    </ClCompile>
    <ClCompile Include="..\..\Source\Engine\Dialogue.cpp">
      <Filter>Engine</Filter>
    </ClCompile>
    <ClCompile Include="..\..\Source\Engine\DialogueImpl.cpp">
      <Filter>Engine</Filter>
    </ClCompile>
    <ClCompile Include="..\..\Source\Engine\Toggle.cpp">
      <Filter>Engine</Filter>
    </ClCompile>
    <ClCompile Include="..\..\Source\Player\InventoryImpl.cpp">
      <Filter>Player</Filter>
    </ClCompile>
  </ItemGroup>
  <ItemGroup>
    <ClInclude Include="..\..\Source\Engine\Vector.h">
      <Filter>Engine</Filter>
    </ClInclude>
    <ClInclude Include="..\..\Source\Interfaces\Character.h">
      <Filter>Interfaces</Filter>
    </ClInclude>
    <ClInclude Include="..\..\Source\Interfaces\Controllable.h">
      <Filter>Interfaces</Filter>
    </ClInclude>
    <ClInclude Include="..\..\Source\Engine\Controller.h">
      <Filter>Engine</Filter>
    </ClInclude>
    <ClInclude Include="..\..\Source\Interfaces\IRenderable.h">
      <Filter>Interfaces</Filter>
    </ClInclude>
    <ClInclude Include="..\..\Source\Player\Inventory.h">
      <Filter>Player</Filter>
    </ClInclude>
    <ClInclude Include="..\..\Source\Engine\Depth.h">
      <Filter>Engine</Filter>
    </ClInclude>
    <ClInclude Include="..\..\Source\Engine\InputControl.h">
      <Filter>Engine</Filter>
    </ClInclude>
    <ClInclude Include="..\..\Source\Engine\Resource.h">
      <Filter>Engine</Filter>
    </ClInclude>
    <ClInclude Include="..\..\Source\Engine\Engine.h">
      <Filter>Engine</Filter>
    </ClInclude>
    <ClInclude Include="..\..\Source\Player\Link.h">
      <Filter>Player</Filter>
    </ClInclude>
    <ClInclude Include="..\..\Source\Engine\Camera.h">
      <Filter>Engine</Filter>
    </ClInclude>
    <ClInclude Include="..\..\Source\Engine\Toggle.h">
      <Filter>Engine</Filter>
    </ClInclude>
    <ClInclude Include="..\..\Source\Interfaces\BasicCharacter.h">
      <Filter>Interfaces</Filter>
    </ClInclude>
    <ClInclude Include="..\..\Source\Player\Worldmap.h">
      <Filter>Player</Filter>
    </ClInclude>
    <ClInclude Include="..\..\Source\Engine\Tilemap.h">
      <Filter>Engine</Filter>
    </ClInclude>
    <ClInclude Include="..\..\Source\Engine\RoomManager.h">
      <Filter>Engine</Filter>
    </ClInclude>
    <ClInclude Include="..\..\Source\Engine\Sprite.h">
      <Filter>Engine</Filter>
    </ClInclude>
    <ClInclude Include="..\..\Source\Engine\Rect.h">
      <Filter>Engine</Filter>
    </ClInclude>
    <ClInclude Include="..\..\Source\Engine\SDL_Assert.h">
      <Filter>Engine</Filter>
    </ClInclude>
    <ClInclude Include="..\..\Source\Engine\Keyboard.h">
      <Filter>Engine</Filter>
    </ClInclude>
    <ClInclude Include="..\..\Source\Engine\Renderer.h">
      <Filter>Engine</Filter>
    </ClInclude>
    <ClInclude Include="..\..\Source\Engine\Window.h">
      <Filter>Engine</Filter>
    </ClInclude>
    <ClInclude Include="..\..\Source\Engine\Singleton.h">
      <Filter>Engine</Filter>
    </ClInclude>
    <ClInclude Include="..\..\Source\Engine\Jenkins.h">
      <Filter>Engine</Filter>
    </ClInclude>
    <ClInclude Include="..\..\Source\Interfaces\IUpdateable.h">
      <Filter>Interfaces</Filter>
    </ClInclude>
    <ClInclude Include="..\..\Source\Engine\ResourceManager.h">
      <Filter>Engine</Filter>
    </ClInclude>
    <ClInclude Include="..\..\Source\Engine\Colour.h">
      <Filter>Engine</Filter>
    </ClInclude>
    <ClInclude Include="..\..\Source\Engine\Debug.h">
      <Filter>Engine</Filter>
    </ClInclude>
    <ClInclude Include="..\..\Source\Engine\TilemapManager.h">
      <Filter>Engine</Filter>
    </ClInclude>
    <ClInclude Include="..\..\Source\Engine\DataManager.h">
      <Filter>Engine</Filter>
    </ClInclude>
    <ClInclude Include="..\..\Source\Engine\RoomLinkManager.h">
      <Filter>Engine</Filter>
    </ClInclude>
    <ClInclude Include="..\..\Source\Engine\RoomName.h">
      <Filter>Engine</Filter>
    </ClInclude>
    <ClInclude Include="..\..\Source\Engine\Random.h">
      <Filter>Engine</Filter>
    </ClInclude>
    <ClInclude Include="..\..\Source\Engine\FloatingPoint.h">
      <Filter>Engine</Filter>
    </ClInclude>
    <ClInclude Include="..\..\Source\Player\WorldmapImpl.h">
      <Filter>Player</Filter>
    </ClInclude>
    <ClInclude Include="..\..\Source\Engine\Dialogue.h">
      <Filter>Engine</Filter>
    </ClInclude>
    <ClInclude Include="..\..\Source\Engine\DialogueImpl.h">
      <Filter>Engine</Filter>
    </ClInclude>
    <ClInclude Include="..\..\Source\Player\InventoryImpl.h">
      <Filter>Player</Filter>
    </ClInclude>
    <ClInclude Include="..\..\Source\Engine\Enum.h">
      <Filter>Engine</Filter>
    </ClInclude>
  </ItemGroup>
</Project>