<?xml version="1.0" encoding="utf-8"?>
<Project ToolsVersion="4.0" xmlns="http://schemas.microsoft.com/developer/msbuild/2003">
  <ItemGroup>
    <Filter Include="Enemy">
      <UniqueIdentifier>{e9483ccf-d321-4bc4-9693-30fa14ee45d0}</UniqueIdentifier>
    </Filter>
    <Filter Include="Engine">
      <UniqueIdentifier>{025383c3-7dac-4e68-92af-5d48cd986ad2}</UniqueIdentifier>
    </Filter>
    <Filter Include="Interfaces">
      <UniqueIdentifier>{cab504de-8678-4779-b59e-357767b0db55}</UniqueIdentifier>
    </Filter>
    <Filter Include="Player">
      <UniqueIdentifier>{2f451d9b-7938-4553-8d64-ef8442bc85aa}</UniqueIdentifier>
    </Filter>
  </ItemGroup>
  <ItemGroup>
    <ClCompile Include="..\..\Source\Enemy\Beamos.cpp">
      <Filter>Enemy</Filter>
    </ClCompile>
    <ClCompile Include="..\..\Source\Enemy\HardhatBeetle.cpp">
      <Filter>Enemy</Filter>
    </ClCompile>
    <ClCompile Include="..\..\Source\Enemy\GopongaFlower.cpp">
      <Filter>Enemy</Filter>
    </ClCompile>
    <ClCompile Include="..\..\Source\Enemy\Goomba.cpp">
      <Filter>Enemy</Filter>
    </ClCompile>
    <ClCompile Include="..\..\Source\Enemy\Gibdo.cpp">
      <Filter>Enemy</Filter>
    </ClCompile>
    <ClCompile Include="..\..\Source\Enemy\BuzzBlob.cpp">
      <Filter>Enemy</Filter>
    </ClCompile>
    <ClCompile Include="..\..\Source\Enemy\Bubble.cpp">
      <Filter>Enemy</Filter>
    </ClCompile>
    <ClCompile Include="..\..\Source\Enemy\BladeTrap.cpp">
      <Filter>Enemy</Filter>
    </ClCompile>
    <ClCompile Include="..\..\Source\Enemy\Zombie.cpp">
      <Filter>Enemy</Filter>
    </ClCompile>
    <ClCompile Include="..\..\Source\Enemy\WaterTektite.cpp">
      <Filter>Enemy</Filter>
    </ClCompile>
    <ClCompile Include="..\..\Source\Enemy\Vacuum.cpp">
      <Filter>Enemy</Filter>
    </ClCompile>
    <ClCompile Include="..\..\Source\Enemy\ThreeOfAKind.cpp">
      <Filter>Enemy</Filter>
    </ClCompile>
    <ClCompile Include="..\..\Source\Enemy\Star.cpp">
      <Filter>Enemy</Filter>
    </ClCompile>
    <ClCompile Include="..\..\Source\Enemy\Spark.cpp">
      <Filter>Enemy</Filter>
    </ClCompile>
    <ClCompile Include="..\..\Source\Enemy\ShroudedStalfos.cpp">
      <Filter>Enemy</Filter>
    </ClCompile>
    <ClCompile Include="..\..\Source\Enemy\ShyGuy.cpp">
      <Filter>Enemy</Filter>
    </ClCompile>
    <ClCompile Include="..\..\Source\Enemy\SeaUrchin.cpp">
      <Filter>Enemy</Filter>
    </ClCompile>
    <ClCompile Include="..\..\Source\Enemy\SandCrab.cpp">
      <Filter>Enemy</Filter>
    </ClCompile>
    <ClCompile Include="..\..\Source\Enemy\PigWarrior.cpp">
      <Filter>Enemy</Filter>
    </ClCompile>
    <ClCompile Include="..\..\Source\Enemy\Peahat.cpp">
      <Filter>Enemy</Filter>
    </ClCompile>
    <ClCompile Include="..\..\Source\Enemy\Pairodd.cpp">
      <Filter>Enemy</Filter>
    </ClCompile>
    <ClCompile Include="..\..\Source\Enemy\Octorok.cpp">
      <Filter>Enemy</Filter>
    </ClCompile>
    <ClCompile Include="..\..\Source\Enemy\Moblin.cpp">
      <Filter>Enemy</Filter>
    </ClCompile>
    <ClCompile Include="..\..\Source\Enemy\Leever.cpp">
      <Filter>Enemy</Filter>
    </ClCompile>
    <ClCompile Include="..\..\Source\Enemy\Darknut.cpp">
      <Filter>Enemy</Filter>
    </ClCompile>
    <ClCompile Include="..\..\Source\Enemy\ArmMimic.cpp">
      <Filter>Enemy</Filter>
    </ClCompile>
    <ClCompile Include="..\..\Source\Player\Bomb.cpp">
      <Filter>Player</Filter>
    </ClCompile>
    <ClCompile Include="..\..\Source\Player\Link.cpp">
      <Filter>Player</Filter>
    </ClCompile>
    <ClCompile Include="..\..\Source\Player\Sword.cpp">
      <Filter>Player</Filter>
    </ClCompile>
    <ClCompile Include="..\..\Source\Player\FlameRod.cpp">
      <Filter>Player</Filter>
    </ClCompile>
    <ClCompile Include="..\..\Source\Player\Arrow.cpp">
      <Filter>Player</Filter>
    </ClCompile>
    <ClCompile Include="..\..\Source\Player\Boomerang.cpp">
      <Filter>Player</Filter>
    </ClCompile>
    <ClCompile Include="..\..\Source\Enemy\IronMask.cpp">
      <Filter>Enemy</Filter>
    </ClCompile>
    <ClCompile Include="..\..\Source\Enemy\LikeLike.cpp">
      <Filter>Enemy</Filter>
    </ClCompile>
    <ClCompile Include="..\..\Source\Engine\AnimatedObject.cpp">
      <Filter>Engine</Filter>
    </ClCompile>
    <ClCompile Include="..\..\Source\Engine\Camera.cpp">
      <Filter>Engine</Filter>
    </ClCompile>
    <ClCompile Include="..\..\Source\Engine\CollisionMap.cpp">
      <Filter>Engine</Filter>
    </ClCompile>
    <ClCompile Include="..\..\Source\Engine\Engine.cpp">
      <Filter>Engine</Filter>
    </ClCompile>
    <ClCompile Include="..\..\Source\Engine\RoomManager.cpp">
      <Filter>Engine</Filter>
    </ClCompile>
    <ClCompile Include="..\..\Source\Engine\Resource.cpp">
      <Filter>Engine</Filter>
    </ClCompile>
    <ClCompile Include="..\..\Source\Player\Worldmap.cpp">
      <Filter>Player</Filter>
    </ClCompile>
    <ClCompile Include="..\..\Source\Engine\Timer.cpp">
      <Filter>Engine</Filter>
    </ClCompile>
    <ClCompile Include="..\..\Source\Engine\Tilemap.cpp">
      <Filter>Engine</Filter>
    </ClCompile>
    <ClCompile Include="..\..\Source\Player\Inventory.cpp">
      <Filter>Player</Filter>
    </ClCompile>
    <ClCompile Include="..\..\Source\Player\FileSelect.cpp">
      <Filter>Player</Filter>
    </ClCompile>
    <ClCompile Include="..\..\Source\Engine\Sprite.cpp">
      <Filter>Engine</Filter>
    </ClCompile>
    <ClCompile Include="..\..\Source\Engine\Keyboard.cpp">
      <Filter>Engine</Filter>
    </ClCompile>
    <ClCompile Include="..\..\Source\Engine\Window.cpp">
      <Filter>Engine</Filter>
    </ClCompile>
    <ClCompile Include="..\..\Source\Engine\Main.cpp">
      <Filter>Engine</Filter>
    </ClCompile>
    <ClCompile Include="..\..\Source\Engine\Dialogue.cpp">
      <Filter>Player</Filter>
    </ClCompile>
    <ClCompile Include="..\..\Source\Engine\Renderer.cpp">
      <Filter>Engine</Filter>
    </ClCompile>
    <ClCompile Include="..\..\Source\Engine\ResourceManager.cpp">
      <Filter>Engine</Filter>
    </ClCompile>
    <ClCompile Include="..\..\Source\Engine\TilemapManager.cpp">
      <Filter>Engine</Filter>
    </ClCompile>
    <ClCompile Include="..\..\Source\Engine\DataManager.cpp">
      <Filter>Engine</Filter>
    </ClCompile>
    <ClCompile Include="..\..\Source\Engine\RoomLinkManager.cpp">
      <Filter>Engine</Filter>
    </ClCompile>
  </ItemGroup>
  <ItemGroup>
    <ClInclude Include="..\..\Source\Player\FlameRod.h">
      <Filter>Player</Filter>
    </ClInclude>
    <ClInclude Include="..\..\Source\Player\Bomb.h">
      <Filter>Player</Filter>
    </ClInclude>
    <ClInclude Include="..\..\Source\Player\Weapon.h">
      <Filter>Player</Filter>
    </ClInclude>
    <ClInclude Include="..\..\Source\Player\Boomerang.h">
      <Filter>Player</Filter>
    </ClInclude>
    <ClInclude Include="..\..\Source\Player\Sword.h">
      <Filter>Player</Filter>
    </ClInclude>
    <ClInclude Include="..\..\Source\Engine\Vector.h">
      <Filter>Engine</Filter>
    </ClInclude>
    <ClInclude Include="..\..\Source\Engine\CollisionMap.h">
      <Filter>Engine</Filter>
    </ClInclude>
    <ClInclude Include="..\..\Source\Interfaces\Character.h">
      <Filter>Interfaces</Filter>
    </ClInclude>
    <ClInclude Include="..\..\Source\Interfaces\Controllable.h">
      <Filter>Interfaces</Filter>
    </ClInclude>
    <ClInclude Include="..\..\Source\Engine\Controller.h">
      <Filter>Engine</Filter>
    </ClInclude>
    <ClInclude Include="..\..\Source\Interfaces\Renderable.h">
      <Filter>Interfaces</Filter>
    </ClInclude>
    <ClInclude Include="..\..\Source\Player\Inventory.h">
      <Filter>Player</Filter>
    </ClInclude>
    <ClInclude Include="..\..\Source\Engine\Depth.h">
      <Filter>Engine</Filter>
    </ClInclude>
    <ClInclude Include="..\..\Source\Engine\InputControl.h">
      <Filter>Engine</Filter>
    </ClInclude>
    <ClInclude Include="..\..\Source\Engine\Resource.h">
      <Filter>Engine</Filter>
    </ClInclude>
    <ClInclude Include="..\..\Source\Engine\Engine.h">
      <Filter>Engine</Filter>
    </ClInclude>
    <ClInclude Include="..\..\Source\Player\Link.h">
      <Filter>Player</Filter>
    </ClInclude>
    <ClInclude Include="..\..\Source\Engine\Camera.h">
      <Filter>Engine</Filter>
    </ClInclude>
    <ClInclude Include="..\..\Source\Player\Arrow.h">
      <Filter>Player</Filter>
    </ClInclude>
    <ClInclude Include="..\..\Source\Interfaces\Cullable.h">
      <Filter>Interfaces</Filter>
    </ClInclude>
    <ClInclude Include="..\..\Source\Engine\Common.h">
      <Filter>Engine</Filter>
    </ClInclude>
    <ClInclude Include="..\..\Source\Interfaces\Enemy.h">
      <Filter>Interfaces</Filter>
    </ClInclude>
    <ClInclude Include="..\..\Source\Interfaces\BasicCharacter.h">
      <Filter>Interfaces</Filter>
    </ClInclude>
    <ClInclude Include="..\..\Source\Enemy\SeaUrchin.h">
      <Filter>Enemy</Filter>
    </ClInclude>
    <ClInclude Include="..\..\Source\Enemy\Beamos.h">
      <Filter>Enemy</Filter>
    </ClInclude>
    <ClInclude Include="..\..\Source\Enemy\GopongaFlower.h">
      <Filter>Enemy</Filter>
    </ClInclude>
    <ClInclude Include="..\..\Source\Enemy\Gibdo.h">
      <Filter>Enemy</Filter>
    </ClInclude>
    <ClInclude Include="..\..\Source\Enemy\LikeLike.h">
      <Filter>Enemy</Filter>
    </ClInclude>
    <ClInclude Include="..\..\Source\Enemy\HardhatBeetle.h">
      <Filter>Enemy</Filter>
    </ClInclude>
    <ClInclude Include="..\..\Source\Enemy\Bubble.h">
      <Filter>Enemy</Filter>
    </ClInclude>
    <ClInclude Include="..\..\Source\Enemy\Star.h">
      <Filter>Enemy</Filter>
    </ClInclude>
    <ClInclude Include="..\..\Source\Enemy\Vacuum.h">
      <Filter>Enemy</Filter>
    </ClInclude>
    <ClInclude Include="..\..\Source\Enemy\BladeTrap.h">
      <Filter>Enemy</Filter>
    </ClInclude>
    <ClInclude Include="..\..\Source\Enemy\ArmMimic.h">
      <Filter>Enemy</Filter>
    </ClInclude>
    <ClInclude Include="..\..\Source\Enemy\ShyGuy.h">
      <Filter>Enemy</Filter>
    </ClInclude>
    <ClInclude Include="..\..\Source\Enemy\WaterTektite.h">
      <Filter>Enemy</Filter>
    </ClInclude>
    <ClInclude Include="..\..\Source\Enemy\IronMask.h">
      <Filter>Enemy</Filter>
    </ClInclude>
    <ClInclude Include="..\..\Source\Enemy\ThreeOfAKind.h">
      <Filter>Enemy</Filter>
    </ClInclude>
    <ClInclude Include="..\..\Source\Enemy\Spark.h">
      <Filter>Enemy</Filter>
    </ClInclude>
    <ClInclude Include="..\..\Source\Enemy\Leever.h">
      <Filter>Enemy</Filter>
    </ClInclude>
    <ClInclude Include="..\..\Source\Enemy\SandCrab.h">
      <Filter>Enemy</Filter>
    </ClInclude>
    <ClInclude Include="..\..\Source\Enemy\BuzzBlob.h">
      <Filter>Enemy</Filter>
    </ClInclude>
    <ClInclude Include="..\..\Source\Enemy\Zombie.h">
      <Filter>Enemy</Filter>
    </ClInclude>
    <ClInclude Include="..\..\Source\Enemy\Peahat.h">
      <Filter>Enemy</Filter>
    </ClInclude>
    <ClInclude Include="..\..\Source\Player\Worldmap.h">
      <Filter>Player</Filter>
    </ClInclude>
    <ClInclude Include="..\..\Source\Engine\Tilemap.h">
      <Filter>Engine</Filter>
    </ClInclude>
    <ClInclude Include="..\..\Source\Engine\Timer.h">
      <Filter>Engine</Filter>
    </ClInclude>
    <ClInclude Include="..\..\Source\Engine\RoomManager.h">
      <Filter>Engine</Filter>
    </ClInclude>
    <ClInclude Include="..\..\Source\Engine\AnimatedObject.h">
      <Filter>Engine</Filter>
    </ClInclude>
    <ClInclude Include="..\..\Source\Enemy\Pairodd.h">
      <Filter>Enemy</Filter>
    </ClInclude>
    <ClInclude Include="..\..\Source\Player\FileSelect.h">
      <Filter>Player</Filter>
    </ClInclude>
    <ClInclude Include="..\..\Source\Enemy\Goomba.h">
      <Filter>Enemy</Filter>
    </ClInclude>
    <ClInclude Include="..\..\Source\Enemy\Octorok.h">
      <Filter>Enemy</Filter>
    </ClInclude>
    <ClInclude Include="..\..\Source\Enemy\PigWarrior.h">
      <Filter>Enemy</Filter>
    </ClInclude>
    <ClInclude Include="..\..\Source\Enemy\Moblin.h">
      <Filter>Enemy</Filter>
    </ClInclude>
    <ClInclude Include="..\..\Source\Enemy\Darknut.h">
      <Filter>Enemy</Filter>
    </ClInclude>
    <ClInclude Include="..\..\Source\Enemy\ShroudedStalfos.h">
      <Filter>Enemy</Filter>
    </ClInclude>
    <ClInclude Include="..\..\Source\Engine\Sprite.h">
      <Filter>Engine</Filter>
    </ClInclude>
    <ClInclude Include="..\..\Source\Engine\Rect.h">
      <Filter>Engine</Filter>
    </ClInclude>
    <ClInclude Include="..\..\Source\Engine\SDL_Assert.h">
      <Filter>Engine</Filter>
    </ClInclude>
    <ClInclude Include="..\..\Source\Engine\Keyboard.h">
      <Filter>Engine</Filter>
    </ClInclude>
    <ClInclude Include="..\..\Source\Engine\Renderer.h">
      <Filter>Engine</Filter>
    </ClInclude>
    <ClInclude Include="..\..\Source\Engine\Window.h">
      <Filter>Engine</Filter>
    </ClInclude>
    <ClInclude Include="..\..\Source\Engine\Singleton.h">
      <Filter>Engine</Filter>
    </ClInclude>
    <ClInclude Include="..\..\Source\Engine\Jenkins.h">
      <Filter>Engine</Filter>
    </ClInclude>
    <ClInclude Include="..\..\Source\Engine\Dialogue.h">
      <Filter>Player</Filter>
    </ClInclude>
    <ClInclude Include="..\..\Source\Interfaces\Updateable.h">
      <Filter>Interfaces</Filter>
    </ClInclude>
    <ClInclude Include="..\..\Source\Engine\ResourceManager.h">
      <Filter>Engine</Filter>
    </ClInclude>
    <ClInclude Include="..\..\Source\Engine\Colour.h">
      <Filter>Engine</Filter>
    </ClInclude>
    <ClInclude Include="..\..\Source\Engine\Debug.h">
      <Filter>Engine</Filter>
    </ClInclude>
    <ClInclude Include="..\..\Source\Engine\TilemapManager.h">
      <Filter>Engine</Filter>
    </ClInclude>
    <ClInclude Include="..\..\Source\Engine\DataManager.h">
      <Filter>Engine</Filter>
    </ClInclude>
    <ClInclude Include="..\..\Source\Engine\RoomLinkManager.h">
      <Filter>Engine</Filter>
    </ClInclude>
    <ClInclude Include="..\..\Source\Engine\RoomName.h">
      <Filter>Engine</Filter>
    </ClInclude>
  </ItemGroup>
</Project>